// !$*UTF8*$!
{
	archiveVersion = 1;
	classes = {
	};
	objectVersion = 48;
	objects = {

/* Begin PBXBuildFile section */
		150F11042068792900D88444 /* AppDelegate.m in Sources */ = {isa = PBXBuildFile; fileRef = 150F11032068792900D88444 /* AppDelegate.m */; };
		150F11072068792900D88444 /* ViewController.m in Sources */ = {isa = PBXBuildFile; fileRef = 150F11062068792900D88444 /* ViewController.m */; };
		150F110A2068792900D88444 /* Main.storyboard in Resources */ = {isa = PBXBuildFile; fileRef = 150F11082068792900D88444 /* Main.storyboard */; };
		150F110C2068792900D88444 /* Assets.xcassets in Resources */ = {isa = PBXBuildFile; fileRef = 150F110B2068792900D88444 /* Assets.xcassets */; };
		150F110F2068792900D88444 /* LaunchScreen.storyboard in Resources */ = {isa = PBXBuildFile; fileRef = 150F110D2068792900D88444 /* LaunchScreen.storyboard */; };
		150F11122068792900D88444 /* main.m in Sources */ = {isa = PBXBuildFile; fileRef = 150F11112068792900D88444 /* main.m */; };
		150F111C2068792900D88444 /* ______Tests.m in Sources */ = {isa = PBXBuildFile; fileRef = 150F111B2068792900D88444 /* ______Tests.m */; };
		150F11272068792900D88444 /* ______UITests.m in Sources */ = {isa = PBXBuildFile; fileRef = 150F11262068792900D88444 /* ______UITests.m */; };
		150F1137206879E700D88444 /* Person.m in Sources */ = {isa = PBXBuildFile; fileRef = 150F1136206879E700D88444 /* Person.m */; };
/* End PBXBuildFile section */

/* Begin PBXContainerItemProxy section */
		150F11182068792900D88444 /* PBXContainerItemProxy */ = {
			isa = PBXContainerItemProxy;
			containerPortal = 150F10F72068792900D88444 /* Project object */;
			proxyType = 1;
			remoteGlobalIDString = 150F10FE2068792900D88444;
			remoteInfo = "练习发布框架";
		};
		150F11232068792900D88444 /* PBXContainerItemProxy */ = {
			isa = PBXContainerItemProxy;
			containerPortal = 150F10F72068792900D88444 /* Project object */;
			proxyType = 1;
			remoteGlobalIDString = 150F10FE2068792900D88444;
			remoteInfo = "练习发布框架";
		};
/* End PBXContainerItemProxy section */

/* Begin PBXFileReference section */
		150F10FF2068792900D88444 /* 练习发布框架.app */ = {isa = PBXFileReference; explicitFileType = wrapper.application; includeInIndex = 0; path = "练习发布框架.app"; sourceTree = BUILT_PRODUCTS_DIR; };
		150F11022068792900D88444 /* AppDelegate.h */ = {isa = PBXFileReference; lastKnownFileType = sourcecode.c.h; path = AppDelegate.h; sourceTree = "<group>"; };
		150F11032068792900D88444 /* AppDelegate.m */ = {isa = PBXFileReference; lastKnownFileType = sourcecode.c.objc; path = AppDelegate.m; sourceTree = "<group>"; };
		150F11052068792900D88444 /* ViewController.h */ = {isa = PBXFileReference; lastKnownFileType = sourcecode.c.h; path = ViewController.h; sourceTree = "<group>"; };
		150F11062068792900D88444 /* ViewController.m */ = {isa = PBXFileReference; lastKnownFileType = sourcecode.c.objc; path = ViewController.m; sourceTree = "<group>"; };
		150F11092068792900D88444 /* Base */ = {isa = PBXFileReference; lastKnownFileType = file.storyboard; name = Base; path = Base.lproj/Main.storyboard; sourceTree = "<group>"; };
		150F110B2068792900D88444 /* Assets.xcassets */ = {isa = PBXFileReference; lastKnownFileType = folder.assetcatalog; path = Assets.xcassets; sourceTree = "<group>"; };
		150F110E2068792900D88444 /* Base */ = {isa = PBXFileReference; lastKnownFileType = file.storyboard; name = Base; path = Base.lproj/LaunchScreen.storyboard; sourceTree = "<group>"; };
		150F11102068792900D88444 /* Info.plist */ = {isa = PBXFileReference; lastKnownFileType = text.plist.xml; path = Info.plist; sourceTree = "<group>"; };
		150F11112068792900D88444 /* main.m */ = {isa = PBXFileReference; lastKnownFileType = sourcecode.c.objc; path = main.m; sourceTree = "<group>"; };
		150F11172068792900D88444 /* 练习发布框架Tests.xctest */ = {isa = PBXFileReference; explicitFileType = wrapper.cfbundle; includeInIndex = 0; path = "练习发布框架Tests.xctest"; sourceTree = BUILT_PRODUCTS_DIR; };
		150F111B2068792900D88444 /* ______Tests.m */ = {isa = PBXFileReference; lastKnownFileType = sourcecode.c.objc; path = "______Tests.m"; sourceTree = "<group>"; };
		150F111D2068792900D88444 /* Info.plist */ = {isa = PBXFileReference; lastKnownFileType = text.plist.xml; path = Info.plist; sourceTree = "<group>"; };
		150F11222068792900D88444 /* 练习发布框架UITests.xctest */ = {isa = PBXFileReference; explicitFileType = wrapper.cfbundle; includeInIndex = 0; path = "练习发布框架UITests.xctest"; sourceTree = BUILT_PRODUCTS_DIR; };
		150F11262068792900D88444 /* ______UITests.m */ = {isa = PBXFileReference; lastKnownFileType = sourcecode.c.objc; path = "______UITests.m"; sourceTree = "<group>"; };
		150F11282068792900D88444 /* Info.plist */ = {isa = PBXFileReference; lastKnownFileType = text.plist.xml; path = Info.plist; sourceTree = "<group>"; };
		150F1135206879E700D88444 /* Person.h */ = {isa = PBXFileReference; lastKnownFileType = sourcecode.c.h; path = Person.h; sourceTree = "<group>"; };
		150F1136206879E700D88444 /* Person.m */ = {isa = PBXFileReference; lastKnownFileType = sourcecode.c.objc; path = Person.m; sourceTree = "<group>"; };
/* End PBXFileReference section */

/* Begin PBXFrameworksBuildPhase section */
		150F10FC2068792900D88444 /* Frameworks */ = {
			isa = PBXFrameworksBuildPhase;
			buildActionMask = 2147483647;
			files = (
			);
			runOnlyForDeploymentPostprocessing = 0;
		};
		150F11142068792900D88444 /* Frameworks */ = {
			isa = PBXFrameworksBuildPhase;
			buildActionMask = 2147483647;
			files = (
			);
			runOnlyForDeploymentPostprocessing = 0;
		};
		150F111F2068792900D88444 /* Frameworks */ = {
			isa = PBXFrameworksBuildPhase;
			buildActionMask = 2147483647;
			files = (
			);
			runOnlyForDeploymentPostprocessing = 0;
		};
/* End PBXFrameworksBuildPhase section */

/* Begin PBXGroup section */
		150F10F62068792900D88444 = {
			isa = PBXGroup;
			children = (
				150F11012068792900D88444 /* 练习发布框架 */,
				150F111A2068792900D88444 /* 练习发布框架Tests */,
				150F11252068792900D88444 /* 练习发布框架UITests */,
				150F11002068792900D88444 /* Products */,
			);
			sourceTree = "<group>";
		};
		150F11002068792900D88444 /* Products */ = {
			isa = PBXGroup;
			children = (
				150F10FF2068792900D88444 /* 练习发布框架.app */,
				150F11172068792900D88444 /* 练习发布框架Tests.xctest */,
				150F11222068792900D88444 /* 练习发布框架UITests.xctest */,
			);
			name = Products;
			sourceTree = "<group>";
		};
		150F11012068792900D88444 /* 练习发布框架 */ = {
			isa = PBXGroup;
			children = (
				150F1134206879DD00D88444 /* 框架 */,
				150F11022068792900D88444 /* AppDelegate.h */,
				150F11032068792900D88444 /* AppDelegate.m */,
				150F11052068792900D88444 /* ViewController.h */,
				150F11062068792900D88444 /* ViewController.m */,
				150F11082068792900D88444 /* Main.storyboard */,
				150F110B2068792900D88444 /* Assets.xcassets */,
				150F110D2068792900D88444 /* LaunchScreen.storyboard */,
				150F11102068792900D88444 /* Info.plist */,
				150F11112068792900D88444 /* main.m */,
			);
			path = "练习发布框架";
			sourceTree = "<group>";
		};
		150F111A2068792900D88444 /* 练习发布框架Tests */ = {
			isa = PBXGroup;
			children = (
				150F111B2068792900D88444 /* ______Tests.m */,
				150F111D2068792900D88444 /* Info.plist */,
			);
			path = "练习发布框架Tests";
			sourceTree = "<group>";
		};
		150F11252068792900D88444 /* 练习发布框架UITests */ = {
			isa = PBXGroup;
			children = (
				150F11262068792900D88444 /* ______UITests.m */,
				150F11282068792900D88444 /* Info.plist */,
			);
			path = "练习发布框架UITests";
			sourceTree = "<group>";
		};
		150F1134206879DD00D88444 /* 框架 */ = {
			isa = PBXGroup;
			children = (
				150F1135206879E700D88444 /* Person.h */,
				150F1136206879E700D88444 /* Person.m */,
			);
			path = "框架";
			sourceTree = "<group>";
		};
/* End PBXGroup section */

/* Begin PBXNativeTarget section */
		150F10FE2068792900D88444 /* 练习发布框架 */ = {
			isa = PBXNativeTarget;
			buildConfigurationList = 150F112B2068792900D88444 /* Build configuration list for PBXNativeTarget "练习发布框架" */;
			buildPhases = (
				150F10FB2068792900D88444 /* Sources */,
				150F10FC2068792900D88444 /* Frameworks */,
				150F10FD2068792900D88444 /* Resources */,
			);
			buildRules = (
			);
			dependencies = (
			);
			name = "练习发布框架";
			productName = "练习发布框架";
			productReference = 150F10FF2068792900D88444 /* 练习发布框架.app */;
			productType = "com.apple.product-type.application";
		};
		150F11162068792900D88444 /* 练习发布框架Tests */ = {
			isa = PBXNativeTarget;
			buildConfigurationList = 150F112E2068792900D88444 /* Build configuration list for PBXNativeTarget "练习发布框架Tests" */;
			buildPhases = (
				150F11132068792900D88444 /* Sources */,
				150F11142068792900D88444 /* Frameworks */,
				150F11152068792900D88444 /* Resources */,
			);
			buildRules = (
			);
			dependencies = (
				150F11192068792900D88444 /* PBXTargetDependency */,
			);
			name = "练习发布框架Tests";
			productName = "练习发布框架Tests";
			productReference = 150F11172068792900D88444 /* 练习发布框架Tests.xctest */;
			productType = "com.apple.product-type.bundle.unit-test";
		};
		150F11212068792900D88444 /* 练习发布框架UITests */ = {
			isa = PBXNativeTarget;
			buildConfigurationList = 150F11312068792900D88444 /* Build configuration list for PBXNativeTarget "练习发布框架UITests" */;
			buildPhases = (
				150F111E2068792900D88444 /* Sources */,
				150F111F2068792900D88444 /* Frameworks */,
				150F11202068792900D88444 /* Resources */,
			);
			buildRules = (
			);
			dependencies = (
				150F11242068792900D88444 /* PBXTargetDependency */,
			);
			name = "练习发布框架UITests";
			productName = "练习发布框架UITests";
			productReference = 150F11222068792900D88444 /* 练习发布框架UITests.xctest */;
			productType = "com.apple.product-type.bundle.ui-testing";
		};
/* End PBXNativeTarget section */

/* Begin PBXProject section */
		150F10F72068792900D88444 /* Project object */ = {
			isa = PBXProject;
			attributes = {
				LastUpgradeCheck = 0920;
				ORGANIZATIONNAME = DD;
				TargetAttributes = {
					150F10FE2068792900D88444 = {
						CreatedOnToolsVersion = 9.2;
						ProvisioningStyle = Automatic;
					};
					150F11162068792900D88444 = {
						CreatedOnToolsVersion = 9.2;
						ProvisioningStyle = Automatic;
						TestTargetID = 150F10FE2068792900D88444;
					};
					150F11212068792900D88444 = {
						CreatedOnToolsVersion = 9.2;
						ProvisioningStyle = Automatic;
						TestTargetID = 150F10FE2068792900D88444;
					};
				};
			};
			buildConfigurationList = 150F10FA2068792900D88444 /* Build configuration list for PBXProject "练习发布框架" */;
			compatibilityVersion = "Xcode 8.0";
			developmentRegion = en;
			hasScannedForEncodings = 0;
			knownRegions = (
				en,
				Base,
			);
			mainGroup = 150F10F62068792900D88444;
			productRefGroup = 150F11002068792900D88444 /* Products */;
			projectDirPath = "";
			projectRoot = "";
			targets = (
				150F10FE2068792900D88444 /* 练习发布框架 */,
				150F11162068792900D88444 /* 练习发布框架Tests */,
				150F11212068792900D88444 /* 练习发布框架UITests */,
			);
		};
/* End PBXProject section */

/* Begin PBXResourcesBuildPhase section */
		150F10FD2068792900D88444 /* Resources */ = {
			isa = PBXResourcesBuildPhase;
			buildActionMask = 2147483647;
			files = (
				150F110F2068792900D88444 /* LaunchScreen.storyboard in Resources */,
				150F110C2068792900D88444 /* Assets.xcassets in Resources */,
				150F110A2068792900D88444 /* Main.storyboard in Resources */,
			);
			runOnlyForDeploymentPostprocessing = 0;
		};
		150F11152068792900D88444 /* Resources */ = {
			isa = PBXResourcesBuildPhase;
			buildActionMask = 2147483647;
			files = (
			);
			runOnlyForDeploymentPostprocessing = 0;
		};
		150F11202068792900D88444 /* Resources */ = {
			isa = PBXResourcesBuildPhase;
			buildActionMask = 2147483647;
			files = (
			);
			runOnlyForDeploymentPostprocessing = 0;
		};
/* End PBXResourcesBuildPhase section */

/* Begin PBXSourcesBuildPhase section */
		150F10FB2068792900D88444 /* Sources */ = {
			isa = PBXSourcesBuildPhase;
			buildActionMask = 2147483647;
			files = (
				150F11072068792900D88444 /* ViewController.m in Sources */,
				150F11122068792900D88444 /* main.m in Sources */,
				150F1137206879E700D88444 /* Person.m in Sources */,
				150F11042068792900D88444 /* AppDelegate.m in Sources */,
			);
			runOnlyForDeploymentPostprocessing = 0;
		};
		150F11132068792900D88444 /* Sources */ = {
			isa = PBXSourcesBuildPhase;
			buildActionMask = 2147483647;
			files = (
				150F111C2068792900D88444 /* ______Tests.m in Sources */,
			);
			runOnlyForDeploymentPostprocessing = 0;
		};
		150F111E2068792900D88444 /* Sources */ = {
			isa = PBXSourcesBuildPhase;
			buildActionMask = 2147483647;
			files = (
				150F11272068792900D88444 /* ______UITests.m in Sources */,
			);
			runOnlyForDeploymentPostprocessing = 0;
		};
/* End PBXSourcesBuildPhase section */

/* Begin PBXTargetDependency section */
		150F11192068792900D88444 /* PBXTargetDependency */ = {
			isa = PBXTargetDependency;
			target = 150F10FE2068792900D88444 /* 练习发布框架 */;
			targetProxy = 150F11182068792900D88444 /* PBXContainerItemProxy */;
		};
		150F11242068792900D88444 /* PBXTargetDependency */ = {
			isa = PBXTargetDependency;
			target = 150F10FE2068792900D88444 /* 练习发布框架 */;
			targetProxy = 150F11232068792900D88444 /* PBXContainerItemProxy */;
		};
/* End PBXTargetDependency section */

/* Begin PBXVariantGroup section */
		150F11082068792900D88444 /* Main.storyboard */ = {
			isa = PBXVariantGroup;
			children = (
				150F11092068792900D88444 /* Base */,
			);
			name = Main.storyboard;
			sourceTree = "<group>";
		};
		150F110D2068792900D88444 /* LaunchScreen.storyboard */ = {
			isa = PBXVariantGroup;
			children = (
				150F110E2068792900D88444 /* Base */,
			);
			name = LaunchScreen.storyboard;
			sourceTree = "<group>";
		};
/* End PBXVariantGroup section */

/* Begin XCBuildConfiguration section */
		150F11292068792900D88444 /* Debug */ = {
			isa = XCBuildConfiguration;
			buildSettings = {
				ALWAYS_SEARCH_USER_PATHS = NO;
				CLANG_ANALYZER_NONNULL = YES;
				CLANG_ANALYZER_NUMBER_OBJECT_CONVERSION = YES_AGGRESSIVE;
				CLANG_CXX_LANGUAGE_STANDARD = "gnu++14";
				CLANG_CXX_LIBRARY = "libc++";
				CLANG_ENABLE_MODULES = YES;
				CLANG_ENABLE_OBJC_ARC = YES;
				CLANG_WARN_BLOCK_CAPTURE_AUTORELEASING = YES;
				CLANG_WARN_BOOL_CONVERSION = YES;
				CLANG_WARN_COMMA = YES;
				CLANG_WARN_CONSTANT_CONVERSION = YES;
				CLANG_WARN_DIRECT_OBJC_ISA_USAGE = YES_ERROR;
				CLANG_WARN_DOCUMENTATION_COMMENTS = YES;
				CLANG_WARN_EMPTY_BODY = YES;
				CLANG_WARN_ENUM_CONVERSION = YES;
				CLANG_WARN_INFINITE_RECURSION = YES;
				CLANG_WARN_INT_CONVERSION = YES;
				CLANG_WARN_NON_LITERAL_NULL_CONVERSION = YES;
				CLANG_WARN_OBJC_LITERAL_CONVERSION = YES;
				CLANG_WARN_OBJC_ROOT_CLASS = YES_ERROR;
				CLANG_WARN_RANGE_LOOP_ANALYSIS = YES;
				CLANG_WARN_STRICT_PROTOTYPES = YES;
				CLANG_WARN_SUSPICIOUS_MOVE = YES;
				CLANG_WARN_UNGUARDED_AVAILABILITY = YES_AGGRESSIVE;
				CLANG_WARN_UNREACHABLE_CODE = YES;
				CLANG_WARN__DUPLICATE_METHOD_MATCH = YES;
				CODE_SIGN_IDENTITY = "iPhone Developer";
				COPY_PHASE_STRIP = NO;
				DEBUG_INFORMATION_FORMAT = dwarf;
				ENABLE_STRICT_OBJC_MSGSEND = YES;
				ENABLE_TESTABILITY = YES;
				GCC_C_LANGUAGE_STANDARD = gnu11;
				GCC_DYNAMIC_NO_PIC = NO;
				GCC_NO_COMMON_BLOCKS = YES;
				GCC_OPTIMIZATION_LEVEL = 0;
				GCC_PREPROCESSOR_DEFINITIONS = (
					"DEBUG=1",
					"$(inherited)",
				);
				GCC_WARN_64_TO_32_BIT_CONVERSION = YES;
				GCC_WARN_ABOUT_RETURN_TYPE = YES_ERROR;
				GCC_WARN_UNDECLARED_SELECTOR = YES;
				GCC_WARN_UNINITIALIZED_AUTOS = YES_AGGRESSIVE;
				GCC_WARN_UNUSED_FUNCTION = YES;
				GCC_WARN_UNUSED_VARIABLE = YES;
				IPHONEOS_DEPLOYMENT_TARGET = 11.2;
				MTL_ENABLE_DEBUG_INFO = YES;
				ONLY_ACTIVE_ARCH = YES;
				SDKROOT = iphoneos;
			};
			name = Debug;
		};
		150F112A2068792900D88444 /* Release */ = {
			isa = XCBuildConfiguration;
			buildSettings = {
				ALWAYS_SEARCH_USER_PATHS = NO;
				CLANG_ANALYZER_NONNULL = YES;
				CLANG_ANALYZER_NUMBER_OBJECT_CONVERSION = YES_AGGRESSIVE;
				CLANG_CXX_LANGUAGE_STANDARD = "gnu++14";
				CLANG_CXX_LIBRARY = "libc++";
				CLANG_ENABLE_MODULES = YES;
				CLANG_ENABLE_OBJC_ARC = YES;
				CLANG_WARN_BLOCK_CAPTURE_AUTORELEASING = YES;
				CLANG_WARN_BOOL_CONVERSION = YES;
				CLANG_WARN_COMMA = YES;
				CLANG_WARN_CONSTANT_CONVERSION = YES;
				CLANG_WARN_DIRECT_OBJC_ISA_USAGE = YES_ERROR;
				CLANG_WARN_DOCUMENTATION_COMMENTS = YES;
				CLANG_WARN_EMPTY_BODY = YES;
				CLANG_WARN_ENUM_CONVERSION = YES;
				CLANG_WARN_INFINITE_RECURSION = YES;
				CLANG_WARN_INT_CONVERSION = YES;
				CLANG_WARN_NON_LITERAL_NULL_CONVERSION = YES;
				CLANG_WARN_OBJC_LITERAL_CONVERSION = YES;
				CLANG_WARN_OBJC_ROOT_CLASS = YES_ERROR;
				CLANG_WARN_RANGE_LOOP_ANALYSIS = YES;
				CLANG_WARN_STRICT_PROTOTYPES = YES;
				CLANG_WARN_SUSPICIOUS_MOVE = YES;
				CLANG_WARN_UNGUARDED_AVAILABILITY = YES_AGGRESSIVE;
				CLANG_WARN_UNREACHABLE_CODE = YES;
				CLANG_WARN__DUPLICATE_METHOD_MATCH = YES;
				CODE_SIGN_IDENTITY = "iPhone Developer";
				COPY_PHASE_STRIP = NO;
				DEBUG_INFORMATION_FORMAT = "dwarf-with-dsym";
				ENABLE_NS_ASSERTIONS = NO;
				ENABLE_STRICT_OBJC_MSGSEND = YES;
				GCC_C_LANGUAGE_STANDARD = gnu11;
				GCC_NO_COMMON_BLOCKS = YES;
				GCC_WARN_64_TO_32_BIT_CONVERSION = YES;
				GCC_WARN_ABOUT_RETURN_TYPE = YES_ERROR;
				GCC_WARN_UNDECLARED_SELECTOR = YES;
				GCC_WARN_UNINITIALIZED_AUTOS = YES_AGGRESSIVE;
				GCC_WARN_UNUSED_FUNCTION = YES;
				GCC_WARN_UNUSED_VARIABLE = YES;
				IPHONEOS_DEPLOYMENT_TARGET = 11.2;
				MTL_ENABLE_DEBUG_INFO = NO;
				SDKROOT = iphoneos;
				VALIDATE_PRODUCT = YES;
			};
			name = Release;
		};
		150F112C2068792900D88444 /* Debug */ = {
			isa = XCBuildConfiguration;
			buildSettings = {
				ASSETCATALOG_COMPILER_APPICON_NAME = AppIcon;
				CODE_SIGN_STYLE = Automatic;
				INFOPLIST_FILE = "练习发布框架/Info.plist";
				LD_RUNPATH_SEARCH_PATHS = "$(inherited) @executable_path/Frameworks";
				PRODUCT_BUNDLE_IDENTIFIER = "DD.------";
				PRODUCT_NAME = "$(TARGET_NAME)";
				TARGETED_DEVICE_FAMILY = "1,2";
			};
			name = Debug;
		};
		150F112D2068792900D88444 /* Release */ = {
			isa = XCBuildConfiguration;
			buildSettings = {
				ASSETCATALOG_COMPILER_APPICON_NAME = AppIcon;
				CODE_SIGN_STYLE = Automatic;
				INFOPLIST_FILE = "练习发布框架/Info.plist";
				LD_RUNPATH_SEARCH_PATHS = "$(inherited) @executable_path/Frameworks";
				PRODUCT_BUNDLE_IDENTIFIER = "DD.------";
				PRODUCT_NAME = "$(TARGET_NAME)";
				TARGETED_DEVICE_FAMILY = "1,2";
			};
			name = Release;
		};
		150F112F2068792900D88444 /* Debug */ = {
			isa = XCBuildConfiguration;
			buildSettings = {
				BUNDLE_LOADER = "$(TEST_HOST)";
				CODE_SIGN_STYLE = Automatic;
				INFOPLIST_FILE = "练习发布框架Tests/Info.plist";
				LD_RUNPATH_SEARCH_PATHS = "$(inherited) @executable_path/Frameworks @loader_path/Frameworks";
				PRODUCT_BUNDLE_IDENTIFIER = "DD.------Tests";
				PRODUCT_NAME = "$(TARGET_NAME)";
				TARGETED_DEVICE_FAMILY = "1,2";
				TEST_HOST = "$(BUILT_PRODUCTS_DIR)/练习发布框架.app/练习发布框架";
			};
			name = Debug;
		};
		150F11302068792900D88444 /* Release */ = {
			isa = XCBuildConfiguration;
			buildSettings = {
				BUNDLE_LOADER = "$(TEST_HOST)";
				CODE_SIGN_STYLE = Automatic;
				INFOPLIST_FILE = "练习发布框架Tests/Info.plist";
				LD_RUNPATH_SEARCH_PATHS = "$(inherited) @executable_path/Frameworks @loader_path/Frameworks";
				PRODUCT_BUNDLE_IDENTIFIER = "DD.------Tests";
				PRODUCT_NAME = "$(TARGET_NAME)";
				TARGETED_DEVICE_FAMILY = "1,2";
				TEST_HOST = "$(BUILT_PRODUCTS_DIR)/练习发布框架.app/练习发布框架";
			};
			name = Release;
		};
		150F11322068792900D88444 /* Debug */ = {
			isa = XCBuildConfiguration;
			buildSettings = {
				CODE_SIGN_STYLE = Automatic;
				INFOPLIST_FILE = "练习发布框架UITests/Info.plist";
				LD_RUNPATH_SEARCH_PATHS = "$(inherited) @executable_path/Frameworks @loader_path/Frameworks";
				PRODUCT_BUNDLE_IDENTIFIER = "DD.------UITests";
				PRODUCT_NAME = "$(TARGET_NAME)";
				TARGETED_DEVICE_FAMILY = "1,2";
				TEST_TARGET_NAME = "练习发布框架";
			};
			name = Debug;
		};
		150F11332068792900D88444 /* Release */ = {
			isa = XCBuildConfiguration;
			buildSettings = {
				CODE_SIGN_STYLE = Automatic;
				INFOPLIST_FILE = "练习发布框架UITests/Info.plist";
				LD_RUNPATH_SEARCH_PATHS = "$(inherited) @executable_path/Frameworks @loader_path/Frameworks";
				PRODUCT_BUNDLE_IDENTIFIER = "DD.------UITests";
				PRODUCT_NAME = "$(TARGET_NAME)";
				TARGETED_DEVICE_FAMILY = "1,2";
				TEST_TARGET_NAME = "练习发布框架";
			};
			name = Release;
		};
/* End XCBuildConfiguration section */

/* Begin XCConfigurationList section */
		150F10FA2068792900D88444 /* Build configuration list for PBXProject "练习发布框架" */ = {
			isa = XCConfigurationList;
			buildConfigurations = (
				150F11292068792900D88444 /* Debug */,
				150F112A2068792900D88444 /* Release */,
			);
			defaultConfigurationIsVisible = 0;
			defaultConfigurationName = Release;
		};
		150F112B2068792900D88444 /* Build configuration list for PBXNativeTarget "练习发布框架" */ = {
			isa = XCConfigurationList;
			buildConfigurations = (
				150F112C2068792900D88444 /* Debug */,
				150F112D2068792900D88444 /* Release */,
			);
			defaultConfigurationIsVisible = 0;
			defaultConfigurationName = Release;
		};
		150F112E2068792900D88444 /* Build configuration list for PBXNativeTarget "练习发布框架Tests" */ = {
			isa = XCConfigurationList;
			buildConfigurations = (
				150F112F2068792900D88444 /* Debug */,
				150F11302068792900D88444 /* Release */,
			);
			defaultConfigurationIsVisible = 0;
			defaultConfigurationName = Release;
		};
		150F11312068792900D88444 /* Build configuration list for PBXNativeTarget "练习发布框架UITests" */ = {
			isa = XCConfigurationList;
			buildConfigurations = (
				150F11322068792900D88444 /* Debug */,
				150F11332068792900D88444 /* Release */,
			);
			defaultConfigurationIsVisible = 0;
			defaultConfigurationName = Release;
		};
/* End XCConfigurationList section */
	};
	rootObject = 150F10F72068792900D88444 /* Project object */;
}
